// !$*UTF8*$!
{
	archiveVersion = 1;
	classes = {
	};
	objectVersion = 77;
	objects = {

/* Begin PBXBuildFile section */
		818B9AF02E03169B00E2A220 /* FirebaseCore in Frameworks */ = {isa = PBXBuildFile; productRef = 818B9AEF2E03169B00E2A220 /* FirebaseCore */; };
		818B9AF22E03169B00E2A220 /* FirebaseFirestore in Frameworks */ = {isa = PBXBuildFile; productRef = 818B9AF12E03169B00E2A220 /* FirebaseFirestore */; };
		818B9B012E03342800E2A220 /* FirebaseAuth in Frameworks */ = {isa = PBXBuildFile; productRef = 818B9B002E03342800E2A220 /* FirebaseAuth */; };
/* End PBXBuildFile section */

/* Begin PBXContainerItemProxy section */
		818B9AC62E0303AF00E2A220 /* PBXContainerItemProxy */ = {
			isa = PBXContainerItemProxy;
			containerPortal = 818B9AB02E0303AC00E2A220 /* Project object */;
			proxyType = 1;
			remoteGlobalIDString = 818B9AB72E0303AC00E2A220;
			remoteInfo = Just1000Words;
		};
		818B9AD02E0303AF00E2A220 /* PBXContainerItemProxy */ = {
			isa = PBXContainerItemProxy;
			containerPortal = 818B9AB02E0303AC00E2A220 /* Project object */;
			proxyType = 1;
			remoteGlobalIDString = 818B9AB72E0303AC00E2A220;
			remoteInfo = Just1000Words;
		};
/* End PBXContainerItemProxy section */

/* Begin PBXFileReference section */
		818B9AB82E0303AC00E2A220 /* Just1000Words.app */ = {isa = PBXFileReference; explicitFileType = wrapper.application; includeInIndex = 0; path = Just1000Words.app; sourceTree = BUILT_PRODUCTS_DIR; };
		818B9AC52E0303AF00E2A220 /* Just1000WordsTests.xctest */ = {isa = PBXFileReference; explicitFileType = wrapper.cfbundle; includeInIndex = 0; path = Just1000WordsTests.xctest; sourceTree = BUILT_PRODUCTS_DIR; };
		818B9ACF2E0303AF00E2A220 /* Just1000WordsUITests.xctest */ = {isa = PBXFileReference; explicitFileType = wrapper.cfbundle; includeInIndex = 0; path = Just1000WordsUITests.xctest; sourceTree = BUILT_PRODUCTS_DIR; };
/* End PBXFileReference section */

/* Begin PBXFileSystemSynchronizedRootGroup section */
		818B9ABA2E0303AC00E2A220 /* Just1000Words */ = {
			isa = PBXFileSystemSynchronizedRootGroup;
			path = Just1000Words;
			sourceTree = "<group>";
		};
/* End PBXFileSystemSynchronizedRootGroup section */

/* Begin PBXFrameworksBuildPhase section */
		818B9AB52E0303AC00E2A220 /* Frameworks */ = {
			isa = PBXFrameworksBuildPhase;
			buildActionMask = 2147483647;
			files = (
				818B9AF02E03169B00E2A220 /* FirebaseCore in Frameworks */,
				818B9B012E03342800E2A220 /* FirebaseAuth in Frameworks */,
				818B9AF22E03169B00E2A220 /* FirebaseFirestore in Frameworks */,
			);
			runOnlyForDeploymentPostprocessing = 0;
		};
		818B9AC22E0303AF00E2A220 /* Frameworks */ = {
			isa = PBXFrameworksBuildPhase;
			buildActionMask = 2147483647;
			files = (
			);
			runOnlyForDeploymentPostprocessing = 0;
		};
		818B9ACC2E0303AF00E2A220 /* Frameworks */ = {
			isa = PBXFrameworksBuildPhase;
			buildActionMask = 2147483647;
			files = (
			);
			runOnlyForDeploymentPostprocessing = 0;
		};
/* End PBXFrameworksBuildPhase section */

/* Begin PBXGroup section */
		818B9AAF2E0303AC00E2A220 = {
			isa = PBXGroup;
			children = (
				818B9ABA2E0303AC00E2A220 /* Just1000Words */,
				818B9AFF2E03342800E2A220 /* Frameworks */,
				818B9AB92E0303AC00E2A220 /* Products */,
			);
			sourceTree = "<group>";
		};
		818B9AB92E0303AC00E2A220 /* Products */ = {
			isa = PBXGroup;
			children = (
				818B9AB82E0303AC00E2A220 /* Just1000Words.app */,
				818B9AC52E0303AF00E2A220 /* Just1000WordsTests.xctest */,
				818B9ACF2E0303AF00E2A220 /* Just1000WordsUITests.xctest */,
			);
			name = Products;
			sourceTree = "<group>";
		};
		818B9AFF2E03342800E2A220 /* Frameworks */ = {
			isa = PBXGroup;
			children = (
			);
			name = Frameworks;
			sourceTree = "<group>";
		};
/* End PBXGroup section */

/* Begin PBXNativeTarget section */
		818B9AB72E0303AC00E2A220 /* Just1000Words */ = {
			isa = PBXNativeTarget;
			buildConfigurationList = 818B9AD92E0303AF00E2A220 /* Build configuration list for PBXNativeTarget "Just1000Words" */;
			buildPhases = (
				818B9AB42E0303AC00E2A220 /* Sources */,
				818B9AB52E0303AC00E2A220 /* Frameworks */,
				818B9AB62E0303AC00E2A220 /* Resources */,
			);
			buildRules = (
			);
			dependencies = (
			);
			fileSystemSynchronizedGroups = (
				818B9ABA2E0303AC00E2A220 /* Just1000Words */,
			);
			name = Just1000Words;
			packageProductDependencies = (
				818B9AEF2E03169B00E2A220 /* FirebaseCore */,
				818B9AF12E03169B00E2A220 /* FirebaseFirestore */,
				818B9B002E03342800E2A220 /* FirebaseAuth */,
			);
			productName = Just1000Words;
			productReference = 818B9AB82E0303AC00E2A220 /* Just1000Words.app */;
			productType = "com.apple.product-type.application";
		};
		818B9AC42E0303AF00E2A220 /* Just1000WordsTests */ = {
			isa = PBXNativeTarget;
			buildConfigurationList = 818B9ADC2E0303AF00E2A220 /* Build configuration list for PBXNativeTarget "Just1000WordsTests" */;
			buildPhases = (
				818B9AC12E0303AF00E2A220 /* Sources */,
				818B9AC22E0303AF00E2A220 /* Frameworks */,
				818B9AC32E0303AF00E2A220 /* Resources */,
			);
			buildRules = (
			);
			dependencies = (
				818B9AC72E0303AF00E2A220 /* PBXTargetDependency */,
			);
			name = Just1000WordsTests;
			packageProductDependencies = (
			);
			productName = Just1000WordsTests;
			productReference = 818B9AC52E0303AF00E2A220 /* Just1000WordsTests.xctest */;
			productType = "com.apple.product-type.bundle.unit-test";
		};
		818B9ACE2E0303AF00E2A220 /* Just1000WordsUITests */ = {
			isa = PBXNativeTarget;
			buildConfigurationList = 818B9ADF2E0303AF00E2A220 /* Build configuration list for PBXNativeTarget "Just1000WordsUITests" */;
			buildPhases = (
				818B9ACB2E0303AF00E2A220 /* Sources */,
				818B9ACC2E0303AF00E2A220 /* Frameworks */,
				818B9ACD2E0303AF00E2A220 /* Resources */,
			);
			buildRules = (
			);
			dependencies = (
				818B9AD12E0303AF00E2A220 /* PBXTargetDependency */,
			);
			name = Just1000WordsUITests;
			packageProductDependencies = (
			);
			productName = Just1000WordsUITests;
			productReference = 818B9ACF2E0303AF00E2A220 /* Just1000WordsUITests.xctest */;
			productType = "com.apple.product-type.bundle.ui-testing";
		};
/* End PBXNativeTarget section */

/* Begin PBXProject section */
		818B9AB02E0303AC00E2A220 /* Project object */ = {
			isa = PBXProject;
			attributes = {
				BuildIndependentTargetsInParallel = 1;
				LastSwiftUpdateCheck = 1640;
				LastUpgradeCheck = 1640;
				TargetAttributes = {
					818B9AB72E0303AC00E2A220 = {
						CreatedOnToolsVersion = 16.4;
					};
					818B9AC42E0303AF00E2A220 = {
						CreatedOnToolsVersion = 16.4;
						TestTargetID = 818B9AB72E0303AC00E2A220;
					};
					818B9ACE2E0303AF00E2A220 = {
						CreatedOnToolsVersion = 16.4;
						TestTargetID = 818B9AB72E0303AC00E2A220;
					};
				};
			};
			buildConfigurationList = 818B9AB32E0303AC00E2A220 /* Build configuration list for PBXProject "Just1000Words" */;
			developmentRegion = en;
			hasScannedForEncodings = 0;
			knownRegions = (
				en,
				Base,
			);
			mainGroup = 818B9AAF2E0303AC00E2A220;
			minimizedProjectReferenceProxies = 1;
			packageReferences = (
				818B9AEE2E03169B00E2A220 /* XCRemoteSwiftPackageReference "firebase-ios-sdk" */,
			);
			preferredProjectObjectVersion = 77;
			productRefGroup = 818B9AB92E0303AC00E2A220 /* Products */;
			projectDirPath = "";
			projectRoot = "";
			targets = (
				818B9AB72E0303AC00E2A220 /* Just1000Words */,
				818B9AC42E0303AF00E2A220 /* Just1000WordsTests */,
				818B9ACE2E0303AF00E2A220 /* Just1000WordsUITests */,
			);
		};
/* End PBXProject section */

/* Begin PBXResourcesBuildPhase section */
		818B9AB62E0303AC00E2A220 /* Resources */ = {
			isa = PBXResourcesBuildPhase;
			buildActionMask = 2147483647;
			files = (
			);
			runOnlyForDeploymentPostprocessing = 0;
		};
		818B9AC32E0303AF00E2A220 /* Resources */ = {
			isa = PBXResourcesBuildPhase;
			buildActionMask = 2147483647;
			files = (
			);
			runOnlyForDeploymentPostprocessing = 0;
		};
		818B9ACD2E0303AF00E2A220 /* Resources */ = {
			isa = PBXResourcesBuildPhase;
			buildActionMask = 2147483647;
			files = (
			);
			runOnlyForDeploymentPostprocessing = 0;
		};
/* End PBXResourcesBuildPhase section */

/* Begin PBXSourcesBuildPhase section */
		818B9AB42E0303AC00E2A220 /* Sources */ = {
			isa = PBXSourcesBuildPhase;
			buildActionMask = 2147483647;
			files = (
			);
			runOnlyForDeploymentPostprocessing = 0;
		};
		818B9AC12E0303AF00E2A220 /* Sources */ = {
			isa = PBXSourcesBuildPhase;
			buildActionMask = 2147483647;
			files = (
			);
			runOnlyForDeploymentPostprocessing = 0;
		};
		818B9ACB2E0303AF00E2A220 /* Sources */ = {
			isa = PBXSourcesBuildPhase;
			buildActionMask = 2147483647;
			files = (
			);
			runOnlyForDeploymentPostprocessing = 0;
		};
/* End PBXSourcesBuildPhase section */

/* Begin PBXTargetDependency section */
		818B9AC72E0303AF00E2A220 /* PBXTargetDependency */ = {
			isa = PBXTargetDependency;
			target = 818B9AB72E0303AC00E2A220 /* Just1000Words */;
			targetProxy = 818B9AC62E0303AF00E2A220 /* PBXContainerItemProxy */;
		};
		818B9AD12E0303AF00E2A220 /* PBXTargetDependency */ = {
			isa = PBXTargetDependency;
			target = 818B9AB72E0303AC00E2A220 /* Just1000Words */;
			targetProxy = 818B9AD02E0303AF00E2A220 /* PBXContainerItemProxy */;
		};
/* End PBXTargetDependency section */

/* Begin XCBuildConfiguration section */
		818B9AD72E0303AF00E2A220 /* Debug */ = {
			isa = XCBuildConfiguration;
			buildSettings = {
				ALWAYS_SEARCH_USER_PATHS = NO;
				ASSETCATALOG_COMPILER_GENERATE_SWIFT_ASSET_SYMBOL_EXTENSIONS = YES;
				CLANG_ANALYZER_NONNULL = YES;
				CLANG_ANALYZER_NUMBER_OBJECT_CONVERSION = YES_AGGRESSIVE;
				CLANG_CXX_LANGUAGE_STANDARD = "gnu++20";
				CLANG_ENABLE_MODULES = YES;
				CLANG_ENABLE_OBJC_ARC = YES;
				CLANG_ENABLE_OBJC_WEAK = YES;
				CLANG_WARN_BLOCK_CAPTURE_AUTORELEASING = YES;
				CLANG_WARN_BOOL_CONVERSION = YES;
				CLANG_WARN_COMMA = YES;
				CLANG_WARN_CONSTANT_CONVERSION = YES;
				CLANG_WARN_DEPRECATED_OBJC_IMPLEMENTATIONS = YES;
				CLANG_WARN_DIRECT_OBJC_ISA_USAGE = YES_ERROR;
				CLANG_WARN_DOCUMENTATION_COMMENTS = YES;
				CLANG_WARN_EMPTY_BODY = YES;
				CLANG_WARN_ENUM_CONVERSION = YES;
				CLANG_WARN_INFINITE_RECURSION = YES;
				CLANG_WARN_INT_CONVERSION = YES;
				CLANG_WARN_NON_LITERAL_NULL_CONVERSION = YES;
				CLANG_WARN_OBJC_IMPLICIT_RETAIN_SELF = YES;
				CLANG_WARN_OBJC_LITERAL_CONVERSION = YES;
				CLANG_WARN_OBJC_ROOT_CLASS = YES_ERROR;
				CLANG_WARN_QUOTED_INCLUDE_IN_FRAMEWORK_HEADER = YES;
				CLANG_WARN_RANGE_LOOP_ANALYSIS = YES;
				CLANG_WARN_STRICT_PROTOTYPES = YES;
				CLANG_WARN_SUSPICIOUS_MOVE = YES;
				CLANG_WARN_UNGUARDED_AVAILABILITY = YES_AGGRESSIVE;
				CLANG_WARN_UNREACHABLE_CODE = YES;
				CLANG_WARN__DUPLICATE_METHOD_MATCH = YES;
				COPY_PHASE_STRIP = NO;
				DEBUG_INFORMATION_FORMAT = dwarf;
				DEVELOPMENT_TEAM = NJ6276552N;
				ENABLE_STRICT_OBJC_MSGSEND = YES;
				ENABLE_TESTABILITY = YES;
				ENABLE_USER_SCRIPT_SANDBOXING = YES;
				GCC_C_LANGUAGE_STANDARD = gnu17;
				GCC_DYNAMIC_NO_PIC = NO;
				GCC_NO_COMMON_BLOCKS = YES;
				GCC_OPTIMIZATION_LEVEL = 0;
				GCC_PREPROCESSOR_DEFINITIONS = (
					"DEBUG=1",
					"$(inherited)",
				);
				GCC_WARN_64_TO_32_BIT_CONVERSION = YES;
				GCC_WARN_ABOUT_RETURN_TYPE = YES_ERROR;
				GCC_WARN_UNDECLARED_SELECTOR = YES;
				GCC_WARN_UNINITIALIZED_AUTOS = YES_AGGRESSIVE;
				GCC_WARN_UNUSED_FUNCTION = YES;
				GCC_WARN_UNUSED_VARIABLE = YES;
				IPHONEOS_DEPLOYMENT_TARGET = 18.5;
				LOCALIZATION_PREFERS_STRING_CATALOGS = YES;
				MTL_ENABLE_DEBUG_INFO = INCLUDE_SOURCE;
				MTL_FAST_MATH = YES;
				ONLY_ACTIVE_ARCH = YES;
				SDKROOT = iphoneos;
				SWIFT_ACTIVE_COMPILATION_CONDITIONS = "DEBUG $(inherited)";
				SWIFT_OPTIMIZATION_LEVEL = "-Onone";
			};
			name = Debug;
		};
		818B9AD82E0303AF00E2A220 /* Release */ = {
			isa = XCBuildConfiguration;
			buildSettings = {
				ALWAYS_SEARCH_USER_PATHS = NO;
				ASSETCATALOG_COMPILER_GENERATE_SWIFT_ASSET_SYMBOL_EXTENSIONS = YES;
				CLANG_ANALYZER_NONNULL = YES;
				CLANG_ANALYZER_NUMBER_OBJECT_CONVERSION = YES_AGGRESSIVE;
				CLANG_CXX_LANGUAGE_STANDARD = "gnu++20";
				CLANG_ENABLE_MODULES = YES;
				CLANG_ENABLE_OBJC_ARC = YES;
				CLANG_ENABLE_OBJC_WEAK = YES;
				CLANG_WARN_BLOCK_CAPTURE_AUTORELEASING = YES;
				CLANG_WARN_BOOL_CONVERSION = YES;
				CLANG_WARN_COMMA = YES;
				CLANG_WARN_CONSTANT_CONVERSION = YES;
				CLANG_WARN_DEPRECATED_OBJC_IMPLEMENTATIONS = YES;
				CLANG_WARN_DIRECT_OBJC_ISA_USAGE = YES_ERROR;
				CLANG_WARN_DOCUMENTATION_COMMENTS = YES;
				CLANG_WARN_EMPTY_BODY = YES;
				CLANG_WARN_ENUM_CONVERSION = YES;
				CLANG_WARN_INFINITE_RECURSION = YES;
				CLANG_WARN_INT_CONVERSION = YES;
				CLANG_WARN_NON_LITERAL_NULL_CONVERSION = YES;
				CLANG_WARN_OBJC_IMPLICIT_RETAIN_SELF = YES;
				CLANG_WARN_OBJC_LITERAL_CONVERSION = YES;
				CLANG_WARN_OBJC_ROOT_CLASS = YES_ERROR;
				CLANG_WARN_QUOTED_INCLUDE_IN_FRAMEWORK_HEADER = YES;
				CLANG_WARN_RANGE_LOOP_ANALYSIS = YES;
				CLANG_WARN_STRICT_PROTOTYPES = YES;
				CLANG_WARN_SUSPICIOUS_MOVE = YES;
				CLANG_WARN_UNGUARDED_AVAILABILITY = YES_AGGRESSIVE;
				CLANG_WARN_UNREACHABLE_CODE = YES;
				CLANG_WARN__DUPLICATE_METHOD_MATCH = YES;
				COPY_PHASE_STRIP = NO;
				DEBUG_INFORMATION_FORMAT = "dwarf-with-dsym";
				DEVELOPMENT_TEAM = NJ6276552N;
				ENABLE_NS_ASSERTIONS = NO;
				ENABLE_STRICT_OBJC_MSGSEND = YES;
				ENABLE_USER_SCRIPT_SANDBOXING = YES;
				GCC_C_LANGUAGE_STANDARD = gnu17;
				GCC_NO_COMMON_BLOCKS = YES;
				GCC_WARN_64_TO_32_BIT_CONVERSION = YES;
				GCC_WARN_ABOUT_RETURN_TYPE = YES_ERROR;
				GCC_WARN_UNDECLARED_SELECTOR = YES;
				GCC_WARN_UNINITIALIZED_AUTOS = YES_AGGRESSIVE;
				GCC_WARN_UNUSED_FUNCTION = YES;
				GCC_WARN_UNUSED_VARIABLE = YES;
				IPHONEOS_DEPLOYMENT_TARGET = 18.5;
				LOCALIZATION_PREFERS_STRING_CATALOGS = YES;
				MTL_ENABLE_DEBUG_INFO = NO;
				MTL_FAST_MATH = YES;
				SDKROOT = iphoneos;
				SWIFT_COMPILATION_MODE = wholemodule;
				VALIDATE_PRODUCT = YES;
			};
			name = Release;
		};
		818B9ADA2E0303AF00E2A220 /* Debug */ = {
			isa = XCBuildConfiguration;
			buildSettings = {
				ASSETCATALOG_COMPILER_APPICON_NAME = AppIcon;
				ASSETCATALOG_COMPILER_GLOBAL_ACCENT_COLOR_NAME = AccentColor;
				CODE_SIGN_STYLE = Automatic;
				CURRENT_PROJECT_VERSION = 1;
				DEVELOPMENT_TEAM = NJ6276552N;
				ENABLE_PREVIEWS = YES;
				GENERATE_INFOPLIST_FILE = YES;
				INFOPLIST_KEY_UIApplicationSceneManifest_Generation = YES;
				INFOPLIST_KEY_UIApplicationSupportsIndirectInputEvents = YES;
				INFOPLIST_KEY_UILaunchScreen_Generation = YES;
				INFOPLIST_KEY_UISupportedInterfaceOrientations_iPad = "UIInterfaceOrientationPortrait UIInterfaceOrientationPortraitUpsideDown UIInterfaceOrientationLandscapeLeft UIInterfaceOrientationLandscapeRight";
				INFOPLIST_KEY_UISupportedInterfaceOrientations_iPhone = "UIInterfaceOrientationPortrait UIInterfaceOrientationLandscapeLeft UIInterfaceOrientationLandscapeRight";
				LD_RUNPATH_SEARCH_PATHS = (
					"$(inherited)",
					"@executable_path/Frameworks",
				);
				MARKETING_VERSION = 1.0;
				PRODUCT_BUNDLE_IDENTIFIER = com.vojtechkalivoda.Just1000Words;
				PRODUCT_NAME = "$(TARGET_NAME)";
				SWIFT_EMIT_LOC_STRINGS = YES;
				SWIFT_VERSION = 5.0;
				TARGETED_DEVICE_FAMILY = "1,2";
			};
			name = Debug;
		};
		818B9ADB2E0303AF00E2A220 /* Release */ = {
			isa = XCBuildConfiguration;
			buildSettings = {
				ASSETCATALOG_COMPILER_APPICON_NAME = AppIcon;
				ASSETCATALOG_COMPILER_GLOBAL_ACCENT_COLOR_NAME = AccentColor;
				CODE_SIGN_STYLE = Automatic;
				CURRENT_PROJECT_VERSION = 1;
				DEVELOPMENT_TEAM = NJ6276552N;
				ENABLE_PREVIEWS = YES;
				GENERATE_INFOPLIST_FILE = YES;
				INFOPLIST_KEY_UIApplicationSceneManifest_Generation = YES;
				INFOPLIST_KEY_UIApplicationSupportsIndirectInputEvents = YES;
				INFOPLIST_KEY_UILaunchScreen_Generation = YES;
				INFOPLIST_KEY_UISupportedInterfaceOrientations_iPad = "UIInterfaceOrientationPortrait UIInterfaceOrientationPortraitUpsideDown UIInterfaceOrientationLandscapeLeft UIInterfaceOrientationLandscapeRight";
				INFOPLIST_KEY_UISupportedInterfaceOrientations_iPhone = "UIInterfaceOrientationPortrait UIInterfaceOrientationLandscapeLeft UIInterfaceOrientationLandscapeRight";
				LD_RUNPATH_SEARCH_PATHS = (
					"$(inherited)",
					"@executable_path/Frameworks",
				);
				MARKETING_VERSION = 1.0;
				PRODUCT_BUNDLE_IDENTIFIER = com.vojtechkalivoda.Just1000Words;
				PRODUCT_NAME = "$(TARGET_NAME)";
				SWIFT_EMIT_LOC_STRINGS = YES;
				SWIFT_VERSION = 5.0;
				TARGETED_DEVICE_FAMILY = "1,2";
			};
			name = Release;
		};
		818B9ADD2E0303AF00E2A220 /* Debug */ = {
			isa = XCBuildConfiguration;
			buildSettings = {
				BUNDLE_LOADER = "$(TEST_HOST)";
				CODE_SIGN_STYLE = Automatic;
				CURRENT_PROJECT_VERSION = 1;
				DEVELOPMENT_TEAM = NJ6276552N;
				GENERATE_INFOPLIST_FILE = YES;
				IPHONEOS_DEPLOYMENT_TARGET = 18.5;
				MARKETING_VERSION = 1.0;
				PRODUCT_BUNDLE_IDENTIFIER = com.vojtechkalivoda.Just1000WordsTests;
				PRODUCT_NAME = "$(TARGET_NAME)";
				SWIFT_EMIT_LOC_STRINGS = NO;
				SWIFT_VERSION = 5.0;
				TARGETED_DEVICE_FAMILY = "1,2";
				TEST_HOST = "$(BUILT_PRODUCTS_DIR)/Just1000Words.app/$(BUNDLE_EXECUTABLE_FOLDER_PATH)/Just1000Words";
			};
			name = Debug;
		};
		818B9ADE2E0303AF00E2A220 /* Release */ = {
			isa = XCBuildConfiguration;
			buildSettings = {
				BUNDLE_LOADER = "$(TEST_HOST)";
				CODE_SIGN_STYLE = Automatic;
				CURRENT_PROJECT_VERSION = 1;
				DEVELOPMENT_TEAM = NJ6276552N;
				GENERATE_INFOPLIST_FILE = YES;
				IPHONEOS_DEPLOYMENT_TARGET = 18.5;
				MARKETING_VERSION = 1.0;
				PRODUCT_BUNDLE_IDENTIFIER = com.vojtechkalivoda.Just1000WordsTests;
				PRODUCT_NAME = "$(TARGET_NAME)";
				SWIFT_EMIT_LOC_STRINGS = NO;
				SWIFT_VERSION = 5.0;
				TARGETED_DEVICE_FAMILY = "1,2";
				TEST_HOST = "$(BUILT_PRODUCTS_DIR)/Just1000Words.app/$(BUNDLE_EXECUTABLE_FOLDER_PATH)/Just1000Words";
			};
			name = Release;
		};
		818B9AE02E0303AF00E2A220 /* Debug */ = {
			isa = XCBuildConfiguration;
			buildSettings = {
				CODE_SIGN_STYLE = Automatic;
				CURRENT_PROJECT_VERSION = 1;
				DEVELOPMENT_TEAM = NJ6276552N;
				GENERATE_INFOPLIST_FILE = YES;
				MARKETING_VERSION = 1.0;
				PRODUCT_BUNDLE_IDENTIFIER = com.vojtechkalivoda.Just1000WordsUITests;
				PRODUCT_NAME = "$(TARGET_NAME)";
				SWIFT_EMIT_LOC_STRINGS = NO;
				SWIFT_VERSION = 5.0;
				TARGETED_DEVICE_FAMILY = "1,2";
				TEST_TARGET_NAME = Just1000Words;
			};
			name = Debug;
		};
		818B9AE12E0303AF00E2A220 /* Release */ = {
			isa = XCBuildConfiguration;
			buildSettings = {
				CODE_SIGN_STYLE = Automatic;
				CURRENT_PROJECT_VERSION = 1;
				DEVELOPMENT_TEAM = NJ6276552N;
				GENERATE_INFOPLIST_FILE = YES;
				MARKETING_VERSION = 1.0;
				PRODUCT_BUNDLE_IDENTIFIER = com.vojtechkalivoda.Just1000WordsUITests;
				PRODUCT_NAME = "$(TARGET_NAME)";
				SWIFT_EMIT_LOC_STRINGS = NO;
				SWIFT_VERSION = 5.0;
				TARGETED_DEVICE_FAMILY = "1,2";
				TEST_TARGET_NAME = Just1000Words;
			};
			name = Release;
		};
/* End XCBuildConfiguration section */

/* Begin XCConfigurationList section */
		818B9AB32E0303AC00E2A220 /* Build configuration list for PBXProject "Just1000Words" */ = {
			isa = XCConfigurationList;
			buildConfigurations = (
				818B9AD72E0303AF00E2A220 /* Debug */,
				818B9AD82E0303AF00E2A220 /* Release */,
			);
			defaultConfigurationIsVisible = 0;
			defaultConfigurationName = Release;
		};
		818B9AD92E0303AF00E2A220 /* Build configuration list for PBXNativeTarget "Just1000Words" */ = {
			isa = XCConfigurationList;
			buildConfigurations = (
				818B9ADA2E0303AF00E2A220 /* Debug */,
				818B9ADB2E0303AF00E2A220 /* Release */,
			);
			defaultConfigurationIsVisible = 0;
			defaultConfigurationName = Release;
		};
		818B9ADC2E0303AF00E2A220 /* Build configuration list for PBXNativeTarget "Just1000WordsTests" */ = {
			isa = XCConfigurationList;
			buildConfigurations = (
				818B9ADD2E0303AF00E2A220 /* Debug */,
				818B9ADE2E0303AF00E2A220 /* Release */,
			);
			defaultConfigurationIsVisible = 0;
			defaultConfigurationName = Release;
		};
		818B9ADF2E0303AF00E2A220 /* Build configuration list for PBXNativeTarget "Just1000WordsUITests" */ = {
			isa = XCConfigurationList;
			buildConfigurations = (
				818B9AE02E0303AF00E2A220 /* Debug */,
				818B9AE12E0303AF00E2A220 /* Release */,
			);
			defaultConfigurationIsVisible = 0;
			defaultConfigurationName = Release;
		};
/* End XCConfigurationList section */

/* Begin XCRemoteSwiftPackageReference section */
		818B9AEE2E03169B00E2A220 /* XCRemoteSwiftPackageReference "firebase-ios-sdk" */ = {
			isa = XCRemoteSwiftPackageReference;
			repositoryURL = "https://github.com/firebase/firebase-ios-sdk.git";
			requirement = {
				kind = upToNextMajorVersion;
				minimumVersion = 11.14.0;
			};
		};
/* End XCRemoteSwiftPackageReference section */

/* Begin XCSwiftPackageProductDependency section */
		818B9AEF2E03169B00E2A220 /* FirebaseCore */ = {
			isa = XCSwiftPackageProductDependency;
			package = 818B9AEE2E03169B00E2A220 /* XCRemoteSwiftPackageReference "firebase-ios-sdk" */;
			productName = FirebaseCore;
		};
		818B9AF12E03169B00E2A220 /* FirebaseFirestore */ = {
			isa = XCSwiftPackageProductDependency;
			package = 818B9AEE2E03169B00E2A220 /* XCRemoteSwiftPackageReference "firebase-ios-sdk" */;
			productName = FirebaseFirestore;
		};
		818B9B002E03342800E2A220 /* FirebaseAuth */ = {
			isa = XCSwiftPackageProductDependency;
			package = 818B9AEE2E03169B00E2A220 /* XCRemoteSwiftPackageReference "firebase-ios-sdk" */;
			productName = FirebaseAuth;
		};
/* End XCSwiftPackageProductDependency section */
	};
	rootObject = 818B9AB02E0303AC00E2A220 /* Project object */;
}
